
Microsoft Visual Studio Solution File, Format Version 12.00
# Visual Studio 14
VisualStudioVersion = 14.0.25420.1
MinimumVisualStudioVersion = 10.0.40219.1
Project("{FAE04EC0-301F-11D3-BF4B-00C04F79EFBC}") = "PostSharp.Samples.CustomLogging", "PostSharp.Samples.CustomLogging\PostSharp.Samples.CustomLogging.csproj", "{C943DF92-512E-4488-83C0-96DD10CA9854}"
EndProject
Project("{FAE04EC0-301F-11D3-BF4B-00C04F79EFBC}") = "PostSharp.Samples.CustomCaching", "PostSharp.Samples.CustomCaching\PostSharp.Samples.CustomCaching.csproj", "{20AC1E41-945E-4F53-9C00-99AFE4A01EDF}"
EndProject
Project("{FAE04EC0-301F-11D3-BF4B-00C04F79EFBC}") = "PostSharp.Samples.ExceptionHandling", "PostSharp.Samples.ExceptionHandling\PostSharp.Samples.ExceptionHandling.csproj", "{011B1320-BB21-4CC8-81C9-64A9CA31DD69}"
EndProject
Project("{FAE04EC0-301F-11D3-BF4B-00C04F79EFBC}") = "PostSharp.Samples.AutoRetry", "PostSharp.Samples.AutoRetry\PostSharp.Samples.AutoRetry.csproj", "{2413A15B-6B4C-48BB-AF5E-3AAF0C1FDE7F}"
EndProject
Project("{FAE04EC0-301F-11D3-BF4B-00C04F79EFBC}") = "PostSharp.Samples.WeakEvent", "PostSharp.Samples.WeakEvent\PostSharp.Samples.WeakEvent.csproj", "{4868DED2-44EA-47BB-BAD9-DB35E97FF3BB}"
EndProject
Project("{FAE04EC0-301F-11D3-BF4B-00C04F79EFBC}") = "PostSharp.Samples.ValidateResourceString", "PostSharp.Samples.ValidateResourceString\PostSharp.Samples.ValidateResourceString.csproj", "{6ACA8A5D-2E0D-438B-898F-E73594D6D8F8}"
EndProject
Project("{FAE04EC0-301F-11D3-BF4B-00C04F79EFBC}") = "PostSharp.Samples.SessionState", "PostSharp.Samples.SessionState\PostSharp.Samples.SessionState.csproj", "{B483DC19-BD2F-4276-9F08-A77DB8589C1C}"
EndProject
Project("{FAE04EC0-301F-11D3-BF4B-00C04F79EFBC}") = "PostSharp.Samples.Xaml", "PostSharp.Samples.Xaml\PostSharp.Samples.Xaml.csproj", "{B10B8456-75F7-4D68-9775-CC87517B07B6}"
EndProject
Project("{2150E333-8FDC-42A3-9474-1A3956D46DE8}") = "Solution Items", "Solution Items", "{A414FFE7-2FE3-4AC9-B12A-9E6EF736553E}"
	ProjectSection(SolutionItems) = preProject
		PostSharp.Samples.pssln = PostSharp.Samples.pssln
		README.md = README.md
	EndProjectSection
EndProject
Project("{FAE04EC0-301F-11D3-BF4B-00C04F79EFBC}") = "PostSharp.Samples.Transactions", "PostSharp.Samples.Transactions\PostSharp.Samples.Transactions.csproj", "{4C86E0AF-0033-4583-90F1-9A37B29783F8}"
EndProject
Project("{FAE04EC0-301F-11D3-BF4B-00C04F79EFBC}") = "PostSharp.Samples.Profiling", "PostSharp.Samples.Profiling\PostSharp.Samples.Profiling.csproj", "{33D8E82D-5474-4AC1-878A-0D9B0C28F73B}"
EndProject
Project("{FAE04EC0-301F-11D3-BF4B-00C04F79EFBC}") = "PostSharp.Samples.Encryption", "PostSharp.Samples.Encryption\PostSharp.Samples.Encryption.csproj", "{2ABD1A34-FC7D-4B6A-94D3-2266D72F09E0}"
EndProject
Project("{FAE04EC0-301F-11D3-BF4B-00C04F79EFBC}") = "PostSharp.Samples.Threading.PingPong", "PostSharp.Samples.Threading.PingPong\PostSharp.Samples.Threading.PingPong.csproj", "{F07449FA-C066-4FD3-AA80-C0A3DC8B268B}"
EndProject
Project("{FAE04EC0-301F-11D3-BF4B-00C04F79EFBC}") = "PostSharp.Samples.Threading.ThreadDispatching", "PostSharp.Samples.Threading.ThreadDispatching\PostSharp.Samples.Threading.ThreadDispatching.csproj", "{A4E6B3B1-D79E-4FFB-A8EB-5066C2D57047}"
EndProject
Project("{FAE04EC0-301F-11D3-BF4B-00C04F79EFBC}") = "PostSharp.Samples.MiniProfiler", "PostSharp.Samples.MiniProfiler\PostSharp.Samples.MiniProfiler.csproj", "{C24F62F1-BCFB-41F5-9119-2E36C2D7413F}"
EndProject
Project("{FAE04EC0-301F-11D3-BF4B-00C04F79EFBC}") = "PostSharp.Samples.Persistence", "PostSharp.Samples.Persistence\PostSharp.Samples.Persistence.csproj", "{7B76A67B-2667-4E79-8D33-6AAF769BB4FE}"
EndProject
Project("{FAE04EC0-301F-11D3-BF4B-00C04F79EFBC}") = "PostSharp.Samples.AutoDataContract", "PostSharp.Samples.AutoDataContract\PostSharp.Samples.AutoDataContract.csproj", "{EEF6E032-8DF0-4894-A593-F9EC9CC539A7}"
EndProject
Global
	GlobalSection(SolutionConfigurationPlatforms) = preSolution
		Debug|Any CPU = Debug|Any CPU
		Release|Any CPU = Release|Any CPU
	EndGlobalSection
	GlobalSection(ProjectConfigurationPlatforms) = postSolution
		{C943DF92-512E-4488-83C0-96DD10CA9854}.Debug|Any CPU.ActiveCfg = Debug|Any CPU
		{C943DF92-512E-4488-83C0-96DD10CA9854}.Debug|Any CPU.Build.0 = Debug|Any CPU
		{C943DF92-512E-4488-83C0-96DD10CA9854}.Release|Any CPU.ActiveCfg = Release|Any CPU
		{C943DF92-512E-4488-83C0-96DD10CA9854}.Release|Any CPU.Build.0 = Release|Any CPU
		{20AC1E41-945E-4F53-9C00-99AFE4A01EDF}.Debug|Any CPU.ActiveCfg = Debug|Any CPU
		{20AC1E41-945E-4F53-9C00-99AFE4A01EDF}.Debug|Any CPU.Build.0 = Debug|Any CPU
		{20AC1E41-945E-4F53-9C00-99AFE4A01EDF}.Release|Any CPU.ActiveCfg = Release|Any CPU
		{20AC1E41-945E-4F53-9C00-99AFE4A01EDF}.Release|Any CPU.Build.0 = Release|Any CPU
		{011B1320-BB21-4CC8-81C9-64A9CA31DD69}.Debug|Any CPU.ActiveCfg = Debug|Any CPU
		{011B1320-BB21-4CC8-81C9-64A9CA31DD69}.Debug|Any CPU.Build.0 = Debug|Any CPU
		{011B1320-BB21-4CC8-81C9-64A9CA31DD69}.Release|Any CPU.ActiveCfg = Release|Any CPU
		{011B1320-BB21-4CC8-81C9-64A9CA31DD69}.Release|Any CPU.Build.0 = Release|Any CPU
		{2413A15B-6B4C-48BB-AF5E-3AAF0C1FDE7F}.Debug|Any CPU.ActiveCfg = Debug|Any CPU
		{2413A15B-6B4C-48BB-AF5E-3AAF0C1FDE7F}.Debug|Any CPU.Build.0 = Debug|Any CPU
		{2413A15B-6B4C-48BB-AF5E-3AAF0C1FDE7F}.Release|Any CPU.ActiveCfg = Release|Any CPU
		{2413A15B-6B4C-48BB-AF5E-3AAF0C1FDE7F}.Release|Any CPU.Build.0 = Release|Any CPU
		{4868DED2-44EA-47BB-BAD9-DB35E97FF3BB}.Debug|Any CPU.ActiveCfg = Debug|Any CPU
		{4868DED2-44EA-47BB-BAD9-DB35E97FF3BB}.Debug|Any CPU.Build.0 = Debug|Any CPU
		{4868DED2-44EA-47BB-BAD9-DB35E97FF3BB}.Release|Any CPU.ActiveCfg = Release|Any CPU
		{4868DED2-44EA-47BB-BAD9-DB35E97FF3BB}.Release|Any CPU.Build.0 = Release|Any CPU
		{6ACA8A5D-2E0D-438B-898F-E73594D6D8F8}.Debug|Any CPU.ActiveCfg = Debug|Any CPU
		{6ACA8A5D-2E0D-438B-898F-E73594D6D8F8}.Debug|Any CPU.Build.0 = Debug|Any CPU
		{6ACA8A5D-2E0D-438B-898F-E73594D6D8F8}.Release|Any CPU.ActiveCfg = Release|Any CPU
		{6ACA8A5D-2E0D-438B-898F-E73594D6D8F8}.Release|Any CPU.Build.0 = Release|Any CPU
		{B483DC19-BD2F-4276-9F08-A77DB8589C1C}.Debug|Any CPU.ActiveCfg = Debug|Any CPU
		{B483DC19-BD2F-4276-9F08-A77DB8589C1C}.Debug|Any CPU.Build.0 = Debug|Any CPU
		{B483DC19-BD2F-4276-9F08-A77DB8589C1C}.Release|Any CPU.ActiveCfg = Release|Any CPU
		{B483DC19-BD2F-4276-9F08-A77DB8589C1C}.Release|Any CPU.Build.0 = Release|Any CPU
		{B10B8456-75F7-4D68-9775-CC87517B07B6}.Debug|Any CPU.ActiveCfg = Debug|Any CPU
		{B10B8456-75F7-4D68-9775-CC87517B07B6}.Debug|Any CPU.Build.0 = Debug|Any CPU
		{B10B8456-75F7-4D68-9775-CC87517B07B6}.Release|Any CPU.ActiveCfg = Release|Any CPU
		{B10B8456-75F7-4D68-9775-CC87517B07B6}.Release|Any CPU.Build.0 = Release|Any CPU
		{4C86E0AF-0033-4583-90F1-9A37B29783F8}.Debug|Any CPU.ActiveCfg = Debug|Any CPU
		{4C86E0AF-0033-4583-90F1-9A37B29783F8}.Debug|Any CPU.Build.0 = Debug|Any CPU
		{4C86E0AF-0033-4583-90F1-9A37B29783F8}.Release|Any CPU.ActiveCfg = Release|Any CPU
		{4C86E0AF-0033-4583-90F1-9A37B29783F8}.Release|Any CPU.Build.0 = Release|Any CPU
		{33D8E82D-5474-4AC1-878A-0D9B0C28F73B}.Debug|Any CPU.ActiveCfg = Debug|Any CPU
		{33D8E82D-5474-4AC1-878A-0D9B0C28F73B}.Debug|Any CPU.Build.0 = Debug|Any CPU
		{33D8E82D-5474-4AC1-878A-0D9B0C28F73B}.Release|Any CPU.ActiveCfg = Release|Any CPU
		{33D8E82D-5474-4AC1-878A-0D9B0C28F73B}.Release|Any CPU.Build.0 = Release|Any CPU
		{2ABD1A34-FC7D-4B6A-94D3-2266D72F09E0}.Debug|Any CPU.ActiveCfg = Debug|Any CPU
		{2ABD1A34-FC7D-4B6A-94D3-2266D72F09E0}.Debug|Any CPU.Build.0 = Debug|Any CPU
		{2ABD1A34-FC7D-4B6A-94D3-2266D72F09E0}.Release|Any CPU.ActiveCfg = Release|Any CPU
		{2ABD1A34-FC7D-4B6A-94D3-2266D72F09E0}.Release|Any CPU.Build.0 = Release|Any CPU
		{F07449FA-C066-4FD3-AA80-C0A3DC8B268B}.Debug|Any CPU.ActiveCfg = Debug|Any CPU
		{F07449FA-C066-4FD3-AA80-C0A3DC8B268B}.Debug|Any CPU.Build.0 = Debug|Any CPU
		{F07449FA-C066-4FD3-AA80-C0A3DC8B268B}.Release|Any CPU.ActiveCfg = Release|Any CPU
		{F07449FA-C066-4FD3-AA80-C0A3DC8B268B}.Release|Any CPU.Build.0 = Release|Any CPU
		{A4E6B3B1-D79E-4FFB-A8EB-5066C2D57047}.Debug|Any CPU.ActiveCfg = Debug|Any CPU
		{A4E6B3B1-D79E-4FFB-A8EB-5066C2D57047}.Debug|Any CPU.Build.0 = Debug|Any CPU
		{A4E6B3B1-D79E-4FFB-A8EB-5066C2D57047}.Release|Any CPU.ActiveCfg = Release|Any CPU
		{A4E6B3B1-D79E-4FFB-A8EB-5066C2D57047}.Release|Any CPU.Build.0 = Release|Any CPU
		{C24F62F1-BCFB-41F5-9119-2E36C2D7413F}.Debug|Any CPU.ActiveCfg = Debug|Any CPU
		{C24F62F1-BCFB-41F5-9119-2E36C2D7413F}.Debug|Any CPU.Build.0 = Debug|Any CPU
		{C24F62F1-BCFB-41F5-9119-2E36C2D7413F}.Release|Any CPU.ActiveCfg = Release|Any CPU
		{C24F62F1-BCFB-41F5-9119-2E36C2D7413F}.Release|Any CPU.Build.0 = Release|Any CPU
		{7B76A67B-2667-4E79-8D33-6AAF769BB4FE}.Debug|Any CPU.ActiveCfg = Debug|Any CPU
		{7B76A67B-2667-4E79-8D33-6AAF769BB4FE}.Debug|Any CPU.Build.0 = Debug|Any CPU
		{7B76A67B-2667-4E79-8D33-6AAF769BB4FE}.Release|Any CPU.ActiveCfg = Release|Any CPU
		{7B76A67B-2667-4E79-8D33-6AAF769BB4FE}.Release|Any CPU.Build.0 = Release|Any CPU
		{EEF6E032-8DF0-4894-A593-F9EC9CC539A7}.Debug|Any CPU.ActiveCfg = Debug|Any CPU
		{EEF6E032-8DF0-4894-A593-F9EC9CC539A7}.Debug|Any CPU.Build.0 = Debug|Any CPU
		{EEF6E032-8DF0-4894-A593-F9EC9CC539A7}.Release|Any CPU.ActiveCfg = Release|Any CPU
		{EEF6E032-8DF0-4894-A593-F9EC9CC539A7}.Release|Any CPU.Build.0 = Release|Any CPU
	EndGlobalSection
	GlobalSection(SolutionProperties) = preSolution
		HideSolutionNode = FALSE
	EndGlobalSection
EndGlobal
